// !$*UTF8*$!
{
	archiveVersion = 1;
	classes = {
	};
	objectVersion = 46;
	objects = {

/* Begin PBXBuildFile section */
		229E30A31659CDD400E29653 /* UIKit.framework in Frameworks */ = {isa = PBXBuildFile; fileRef = 229E30A21659CDD400E29653 /* UIKit.framework */; };
		229E30A51659CDD400E29653 /* Foundation.framework in Frameworks */ = {isa = PBXBuildFile; fileRef = 229E30A41659CDD400E29653 /* Foundation.framework */; };
		229E30A71659CDD400E29653 /* CoreGraphics.framework in Frameworks */ = {isa = PBXBuildFile; fileRef = 229E30A61659CDD400E29653 /* CoreGraphics.framework */; };
		229E30AD1659CDD400E29653 /* InfoPlist.strings in Resources */ = {isa = PBXBuildFile; fileRef = 229E30AB1659CDD400E29653 /* InfoPlist.strings */; };
		229E30AF1659CDD400E29653 /* main.m in Sources */ = {isa = PBXBuildFile; fileRef = 229E30AE1659CDD400E29653 /* main.m */; };
		229E30B31659CDD400E29653 /* AppDelegate.m in Sources */ = {isa = PBXBuildFile; fileRef = 229E30B21659CDD400E29653 /* AppDelegate.m */; };
		229E30B51659CDD400E29653 /* Default.png in Resources */ = {isa = PBXBuildFile; fileRef = 229E30B41659CDD400E29653 /* Default.png */; };
		229E30B71659CDD400E29653 /* Default@2x.png in Resources */ = {isa = PBXBuildFile; fileRef = 229E30B61659CDD400E29653 /* Default@2x.png */; };
		229E30B91659CDD400E29653 /* Default-568h@2x.png in Resources */ = {isa = PBXBuildFile; fileRef = 229E30B81659CDD400E29653 /* Default-568h@2x.png */; };
		229E30BC1659CDD400E29653 /* ViewController.m in Sources */ = {isa = PBXBuildFile; fileRef = 229E30BB1659CDD400E29653 /* ViewController.m */; };
		229E30BF1659CDD400E29653 /* ViewController.xib in Resources */ = {isa = PBXBuildFile; fileRef = 229E30BD1659CDD400E29653 /* ViewController.xib */; };
/* End PBXBuildFile section */

/* Begin PBXFileReference section */
		229E309F1659CDD400E29653 /* BrightnessSample.app */ = {isa = PBXFileReference; explicitFileType = wrapper.application; includeInIndex = 0; path = BrightnessSample.app; sourceTree = BUILT_PRODUCTS_DIR; };
		229E30A21659CDD400E29653 /* UIKit.framework */ = {isa = PBXFileReference; lastKnownFileType = wrapper.framework; name = UIKit.framework; path = System/Library/Frameworks/UIKit.framework; sourceTree = SDKROOT; };
		229E30A41659CDD400E29653 /* Foundation.framework */ = {isa = PBXFileReference; lastKnownFileType = wrapper.framework; name = Foundation.framework; path = System/Library/Frameworks/Foundation.framework; sourceTree = SDKROOT; };
		229E30A61659CDD400E29653 /* CoreGraphics.framework */ = {isa = PBXFileReference; lastKnownFileType = wrapper.framework; name = CoreGraphics.framework; path = System/Library/Frameworks/CoreGraphics.framework; sourceTree = SDKROOT; };
		229E30AA1659CDD400E29653 /* BrightnessSample-Info.plist */ = {isa = PBXFileReference; lastKnownFileType = text.plist.xml; path = "BrightnessSample-Info.plist"; sourceTree = "<group>"; };
		229E30AC1659CDD400E29653 /* en */ = {isa = PBXFileReference; lastKnownFileType = text.plist.strings; name = en; path = en.lproj/InfoPlist.strings; sourceTree = "<group>"; };
		229E30AE1659CDD400E29653 /* main.m */ = {isa = PBXFileReference; lastKnownFileType = sourcecode.c.objc; path = main.m; sourceTree = "<group>"; };
		229E30B01659CDD400E29653 /* BrightnessSample-Prefix.pch */ = {isa = PBXFileReference; lastKnownFileType = sourcecode.c.h; path = "BrightnessSample-Prefix.pch"; sourceTree = "<group>"; };
		229E30B11659CDD400E29653 /* AppDelegate.h */ = {isa = PBXFileReference; lastKnownFileType = sourcecode.c.h; path = AppDelegate.h; sourceTree = "<group>"; };
		229E30B21659CDD400E29653 /* AppDelegate.m */ = {isa = PBXFileReference; lastKnownFileType = sourcecode.c.objc; path = AppDelegate.m; sourceTree = "<group>"; };
		229E30B41659CDD400E29653 /* Default.png */ = {isa = PBXFileReference; lastKnownFileType = image.png; path = Default.png; sourceTree = "<group>"; };
		229E30B61659CDD400E29653 /* Default@2x.png */ = {isa = PBXFileReference; lastKnownFileType = image.png; path = "Default@2x.png"; sourceTree = "<group>"; };
		229E30B81659CDD400E29653 /* Default-568h@2x.png */ = {isa = PBXFileReference; lastKnownFileType = image.png; path = "Default-568h@2x.png"; sourceTree = "<group>"; };
		229E30BA1659CDD400E29653 /* ViewController.h */ = {isa = PBXFileReference; lastKnownFileType = sourcecode.c.h; path = ViewController.h; sourceTree = "<group>"; };
		229E30BB1659CDD400E29653 /* ViewController.m */ = {isa = PBXFileReference; lastKnownFileType = sourcecode.c.objc; path = ViewController.m; sourceTree = "<group>"; };
		229E30BE1659CDD400E29653 /* en */ = {isa = PBXFileReference; lastKnownFileType = file.xib; name = en; path = en.lproj/ViewController.xib; sourceTree = "<group>"; };
/* End PBXFileReference section */

/* Begin PBXFrameworksBuildPhase section */
		229E309C1659CDD400E29653 /* Frameworks */ = {
			isa = PBXFrameworksBuildPhase;
			buildActionMask = 2147483647;
			files = (
				229E30A31659CDD400E29653 /* UIKit.framework in Frameworks */,
				229E30A51659CDD400E29653 /* Foundation.framework in Frameworks */,
				229E30A71659CDD400E29653 /* CoreGraphics.framework in Frameworks */,
			);
			runOnlyForDeploymentPostprocessing = 0;
		};
/* End PBXFrameworksBuildPhase section */

/* Begin PBXGroup section */
		229E30961659CDD400E29653 = {
			isa = PBXGroup;
			children = (
				229E30A81659CDD400E29653 /* BrightnessSample */,
				229E30A11659CDD400E29653 /* Frameworks */,
				229E30A01659CDD400E29653 /* Products */,
			);
			sourceTree = "<group>";
		};
		229E30A01659CDD400E29653 /* Products */ = {
			isa = PBXGroup;
			children = (
				229E309F1659CDD400E29653 /* BrightnessSample.app */,
			);
			name = Products;
			sourceTree = "<group>";
		};
		229E30A11659CDD400E29653 /* Frameworks */ = {
			isa = PBXGroup;
			children = (
				229E30A21659CDD400E29653 /* UIKit.framework */,
				229E30A41659CDD400E29653 /* Foundation.framework */,
				229E30A61659CDD400E29653 /* CoreGraphics.framework */,
			);
			name = Frameworks;
			sourceTree = "<group>";
		};
		229E30A81659CDD400E29653 /* BrightnessSample */ = {
			isa = PBXGroup;
			children = (
				229E30B11659CDD400E29653 /* AppDelegate.h */,
				229E30B21659CDD400E29653 /* AppDelegate.m */,
				229E30BA1659CDD400E29653 /* ViewController.h */,
				229E30BB1659CDD400E29653 /* ViewController.m */,
				229E30BD1659CDD400E29653 /* ViewController.xib */,
				229E30A91659CDD400E29653 /* Supporting Files */,
			);
			path = BrightnessSample;
			sourceTree = "<group>";
		};
		229E30A91659CDD400E29653 /* Supporting Files */ = {
			isa = PBXGroup;
			children = (
				229E30AA1659CDD400E29653 /* BrightnessSample-Info.plist */,
				229E30AB1659CDD400E29653 /* InfoPlist.strings */,
				229E30AE1659CDD400E29653 /* main.m */,
				229E30B01659CDD400E29653 /* BrightnessSample-Prefix.pch */,
				229E30B41659CDD400E29653 /* Default.png */,
				229E30B61659CDD400E29653 /* Default@2x.png */,
				229E30B81659CDD400E29653 /* Default-568h@2x.png */,
			);
			name = "Supporting Files";
			sourceTree = "<group>";
		};
/* End PBXGroup section */

/* Begin PBXNativeTarget section */
		229E309E1659CDD400E29653 /* BrightnessSample */ = {
			isa = PBXNativeTarget;
			buildConfigurationList = 229E30C21659CDD400E29653 /* Build configuration list for PBXNativeTarget "BrightnessSample" */;
			buildPhases = (
				229E309B1659CDD400E29653 /* Sources */,
				229E309C1659CDD400E29653 /* Frameworks */,
				229E309D1659CDD400E29653 /* Resources */,
			);
			buildRules = (
			);
			dependencies = (
			);
			name = BrightnessSample;
			productName = BrightnessSample;
			productReference = 229E309F1659CDD400E29653 /* BrightnessSample.app */;
			productType = "com.apple.product-type.application";
		};
/* End PBXNativeTarget section */

/* Begin PBXProject section */
		229E30971659CDD400E29653 /* Project object */ = {
			isa = PBXProject;
			attributes = {
				LastUpgradeCheck = 0460;
				ORGANIZATIONNAME = CrossBridge;
			};
			buildConfigurationList = 229E309A1659CDD400E29653 /* Build configuration list for PBXProject "BrightnessSample" */;
			compatibilityVersion = "Xcode 3.2";
			developmentRegion = English;
			hasScannedForEncodings = 0;
			knownRegions = (
				en,
			);
			mainGroup = 229E30961659CDD400E29653;
			productRefGroup = 229E30A01659CDD400E29653 /* Products */;
			projectDirPath = "";
			projectRoot = "";
			targets = (
				229E309E1659CDD400E29653 /* BrightnessSample */,
			);
		};
/* End PBXProject section */

/* Begin PBXResourcesBuildPhase section */
		229E309D1659CDD400E29653 /* Resources */ = {
			isa = PBXResourcesBuildPhase;
			buildActionMask = 2147483647;
			files = (
				229E30AD1659CDD400E29653 /* InfoPlist.strings in Resources */,
				229E30B51659CDD400E29653 /* Default.png in Resources */,
				229E30B71659CDD400E29653 /* Default@2x.png in Resources */,
				229E30B91659CDD400E29653 /* Default-568h@2x.png in Resources */,
				229E30BF1659CDD400E29653 /* ViewController.xib in Resources */,
			);
			runOnlyForDeploymentPostprocessing = 0;
		};
/* End PBXResourcesBuildPhase section */

/* Begin PBXSourcesBuildPhase section */
		229E309B1659CDD400E29653 /* Sources */ = {
			isa = PBXSourcesBuildPhase;
			buildActionMask = 2147483647;
			files = (
				229E30AF1659CDD400E29653 /* main.m in Sources */,
				229E30B31659CDD400E29653 /* AppDelegate.m in Sources */,
				229E30BC1659CDD400E29653 /* ViewController.m in Sources */,
			);
			runOnlyForDeploymentPostprocessing = 0;
		};
/* End PBXSourcesBuildPhase section */

/* Begin PBXVariantGroup section */
		229E30AB1659CDD400E29653 /* InfoPlist.strings */ = {
			isa = PBXVariantGroup;
			children = (
				229E30AC1659CDD400E29653 /* en */,
			);
			name = InfoPlist.strings;
			sourceTree = "<group>";
		};
		229E30BD1659CDD400E29653 /* ViewController.xib */ = {
			isa = PBXVariantGroup;
			children = (
				229E30BE1659CDD400E29653 /* en */,
			);
			name = ViewController.xib;
			sourceTree = "<group>";
		};
/* End PBXVariantGroup section */

/* Begin XCBuildConfiguration section */
		229E30C01659CDD400E29653 /* Debug */ = {
			isa = XCBuildConfiguration;
			buildSettings = {
				ALWAYS_SEARCH_USER_PATHS = NO;
				CLANG_CXX_LANGUAGE_STANDARD = "gnu++0x";
				CLANG_CXX_LIBRARY = "libc++";
				CLANG_ENABLE_OBJC_ARC = YES;
				CLANG_WARN_CONSTANT_CONVERSION = YES;
				CLANG_WARN_DEPRECATED_OBJC_IMPLEMENTATIONS = YES;
				CLANG_WARN_EMPTY_BODY = YES;
				CLANG_WARN_INT_CONVERSION = YES;
				CLANG_WARN__DUPLICATE_METHOD_MATCH = YES;
				"CODE_SIGN_IDENTITY[sdk=iphoneos*]" = "iPhone Developer";
				COPY_PHASE_STRIP = NO;
				GCC_C_LANGUAGE_STANDARD = gnu99;
				GCC_DYNAMIC_NO_PIC = NO;
				GCC_OPTIMIZATION_LEVEL = 0;
				GCC_PREPROCESSOR_DEFINITIONS = (
					"DEBUG=1",
					"$(inherited)",
				);
				GCC_SYMBOLS_PRIVATE_EXTERN = NO;
				GCC_WARN_ABOUT_RETURN_TYPE = YES;
				GCC_WARN_UNINITIALIZED_AUTOS = YES;
				GCC_WARN_UNUSED_VARIABLE = YES;
				IPHONEOS_DEPLOYMENT_TARGET = 6.1;
				ONLY_ACTIVE_ARCH = YES;
				SDKROOT = iphoneos;
			};
			name = Debug;
		};
		229E30C11659CDD400E29653 /* Release */ = {
			isa = XCBuildConfiguration;
			buildSettings = {
				ALWAYS_SEARCH_USER_PATHS = NO;
				CLANG_CXX_LANGUAGE_STANDARD = "gnu++0x";
				CLANG_CXX_LIBRARY = "libc++";
				CLANG_ENABLE_OBJC_ARC = YES;
				CLANG_WARN_CONSTANT_CONVERSION = YES;
				CLANG_WARN_DEPRECATED_OBJC_IMPLEMENTATIONS = YES;
				CLANG_WARN_EMPTY_BODY = YES;
				CLANG_WARN_INT_CONVERSION = YES;
				CLANG_WARN__DUPLICATE_METHOD_MATCH = YES;
				"CODE_SIGN_IDENTITY[sdk=iphoneos*]" = "iPhone Developer";
				COPY_PHASE_STRIP = YES;
				GCC_C_LANGUAGE_STANDARD = gnu99;
				GCC_WARN_ABOUT_RETURN_TYPE = YES;
				GCC_WARN_UNINITIALIZED_AUTOS = YES;
				GCC_WARN_UNUSED_VARIABLE = YES;
				IPHONEOS_DEPLOYMENT_TARGET = 6.1;
				OTHER_CFLAGS = "-DNS_BLOCK_ASSERTIONS=1";
				SDKROOT = iphoneos;
				VALIDATE_PRODUCT = YES;
			};
			name = Release;
		};
		229E30C31659CDD400E29653 /* Debug */ = {
			isa = XCBuildConfiguration;
			buildSettings = {
				GCC_PRECOMPILE_PREFIX_HEADER = YES;
				GCC_PREFIX_HEADER = "BrightnessSample/BrightnessSample-Prefix.pch";
				INFOPLIST_FILE = "BrightnessSample/BrightnessSample-Info.plist";
				IPHONEOS_DEPLOYMENT_TARGET = 5.0;
				PRODUCT_NAME = "$(TARGET_NAME)";
				WRAPPER_EXTENSION = app;
			};
			name = Debug;
		};
		229E30C41659CDD400E29653 /* Release */ = {
			isa = XCBuildConfiguration;
			buildSettings = {
				GCC_PRECOMPILE_PREFIX_HEADER = YES;
				GCC_PREFIX_HEADER = "BrightnessSample/BrightnessSample-Prefix.pch";
				INFOPLIST_FILE = "BrightnessSample/BrightnessSample-Info.plist";
				IPHONEOS_DEPLOYMENT_TARGET = 5.0;
				PRODUCT_NAME = "$(TARGET_NAME)";
				WRAPPER_EXTENSION = app;
			};
			name = Release;
		};
/* End XCBuildConfiguration section */

/* Begin XCConfigurationList section */
		229E309A1659CDD400E29653 /* Build configuration list for PBXProject "BrightnessSample" */ = {
			isa = XCConfigurationList;
			buildConfigurations = (
				229E30C01659CDD400E29653 /* Debug */,
				229E30C11659CDD400E29653 /* Release */,
			);
			defaultConfigurationIsVisible = 0;
			defaultConfigurationName = Release;
		};
		229E30C21659CDD400E29653 /* Build configuration list for PBXNativeTarget "BrightnessSample" */ = {
			isa = XCConfigurationList;
			buildConfigurations = (
				229E30C31659CDD400E29653 /* Debug */,
				229E30C41659CDD400E29653 /* Release */,
			);
			defaultConfigurationIsVisible = 0;
		};
/* End XCConfigurationList section */
	};
	rootObject = 229E30971659CDD400E29653 /* Project object */;
}
